
Microsoft Visual Studio Solution File, Format Version 12.00
# Visual Studio 14
VisualStudioVersion = 14.0.25123.0
MinimumVisualStudioVersion = 10.0.40219.1
Project("{FAE04EC0-301F-11D3-BF4B-00C04F79EFBC}") = "WorkingWithImagesAndAzure", "WorkingWithImagesAndAzure\WorkingWithImagesAndAzure.csproj", "{215B4407-F0A5-434B-B81C-B4966380CB98}"
EndProject
Global
	GlobalSection(SolutionConfigurationPlatforms) = preSolution
		Debug|Any CPU = Debug|Any CPU
		Release|Any CPU = Release|Any CPU
	EndGlobalSection
	GlobalSection(ProjectConfigurationPlatforms) = postSolution
		{215B4407-F0A5-434B-B81C-B4966380CB98}.Debug|Any CPU.ActiveCfg = Debug|Any CPU
		{215B4407-F0A5-434B-B81C-B4966380CB98}.Debug|Any CPU.Build.0 = Debug|Any CPU
		{215B4407-F0A5-434B-B81C-B4966380CB98}.Release|Any CPU.ActiveCfg = Release|Any CPU
		{215B4407-F0A5-434B-B81C-B4966380CB98}.Release|Any CPU.Build.0 = Release|Any CPU
	EndGlobalSection
	GlobalSection(SolutionProperties) = preSolution
		HideSolutionNode = FALSE
	EndGlobalSection
	GlobalSection(ExtensibilityGlobals) = postSolution
		EnterpriseLibraryConfigurationToolBinariesPath = packages\TransientFaultHandling.Core.5.1.1209.1\lib\NET4
	EndGlobalSection
EndGlobal
